PODS:
  - libwebp (0.5.0):
    - libwebp/core (= 0.5.0)
    - libwebp/dec (= 0.5.0)
    - libwebp/demux (= 0.5.0)
    - libwebp/dsp (= 0.5.0)
    - libwebp/enc (= 0.5.0)
    - libwebp/mux (= 0.5.0)
    - libwebp/utils (= 0.5.0)
    - libwebp/webp (= 0.5.0)
  - libwebp/core (0.5.0):
    - libwebp/webp
  - libwebp/dec (0.5.0):
    - libwebp/core
  - libwebp/demux (0.5.0):
    - libwebp/core
  - libwebp/dsp (0.5.0):
    - libwebp/core
  - libwebp/enc (0.5.0):
    - libwebp/core
  - libwebp/mux (0.5.0):
    - libwebp/core
  - libwebp/utils (0.5.0):
    - libwebp/core
  - libwebp/webp (0.5.0)
  - PINCache (2.2.2)
  - PINRemoteImage/Core (2.1):
    - PINCache (>= 2.1)
  - PINRemoteImage/iOS (2.1):
    - PINRemoteImage/Core
  - PINRemoteImage/WebP (2.1):
    - libwebp
    - PINRemoteImage/Core

DEPENDENCIES:
  - PINCache
  - PINRemoteImage/iOS (from `../`)
  - PINRemoteImage/WebP (from `../`)

EXTERNAL SOURCES:
  PINRemoteImage:
    :path: ../

SPEC CHECKSUMS:
  libwebp: 68ba2001ba6806ee52837ebd77a551a0b6567e4e
  PINCache: 078426d356ab95ef875e9e62e5c35a2ea3333c28
  PINRemoteImage: 49cfb689cf7af1227ee563e921a1f7e4ce215a8d

COCOAPODS: 0.39.0
