PODS:
  - libwebp (1.0.2):
    - libwebp/core (= 1.0.2)
    - libwebp/dec (= 1.0.2)
    - libwebp/demux (= 1.0.2)
    - libwebp/dsp (= 1.0.2)
    - libwebp/enc (= 1.0.2)
    - libwebp/mux (= 1.0.2)
    - libwebp/utils (= 1.0.2)
    - libwebp/webp (= 1.0.2)
  - libwebp/core (1.0.2):
    - libwebp/webp
  - libwebp/dec (1.0.2):
    - libwebp/core
  - libwebp/demux (1.0.2):
    - libwebp/core
  - libwebp/dsp (1.0.2):
    - libwebp/core
  - libwebp/enc (1.0.2):
    - libwebp/core
  - libwebp/mux (1.0.2):
    - libwebp/core
  - libwebp/utils (1.0.2):
    - libwebp/core
  - libwebp/webp (1.0.2)
  - PINCache (3.0.1-beta.7):
    - PINCache/Arc-exception-safe (= 3.0.1-beta.7)
    - PINCache/Core (= 3.0.1-beta.7)
  - PINCache/Arc-exception-safe (3.0.1-beta.7):
    - PINCache/Core
  - PINCache/Core (3.0.1-beta.7):
    - PINOperation (~> 1.1.1)
  - PINOperation (1.1.1)
  - PINRemoteImage/Core (3.0.0-beta.14):
    - PINOperation
  - PINRemoteImage/OSX (3.0.0-beta.14):
    - PINRemoteImage/Core
  - PINRemoteImage/PINCache (3.0.0-beta.14):
    - PINCache (= 3.0.1-beta.7)
    - PINRemoteImage/Core
  - PINRemoteImage/WebP (3.0.0-beta.14):
    - libwebp
    - PINRemoteImage/Core

DEPENDENCIES:
  - libwebp
  - PINCache
  - PINRemoteImage/OSX (from `../../`)
  - PINRemoteImage/PINCache (from `../../`)
  - PINRemoteImage/WebP (from `../../`)

SPEC REPOS:
  https://github.com/cocoapods/specs.git:
    - libwebp
    - PINCache
    - PINOperation

EXTERNAL SOURCES:
  PINRemoteImage:
    :path: "../../"

SPEC CHECKSUMS:
  libwebp: b068a3bd7c45f7460f6715be7bed1a18fd5d6b48
  PINCache: 7cb9ae068c8f655717f7c644ef1dff9fd573e979
  PINOperation: a6219e6fc9db9c269eb7a7b871ac193bcf400aac
  PINRemoteImage: 81bbff853acc71c6de9e106e9e489a791b8bbb08

PODFILE CHECKSUM: 070f6486f665ba643b867aa04eb43e73e13b40cc

COCOAPODS: 1.6.0
