PODS:
  - PINCache (2.2.2)
  - PINRemoteImage/Core (2.1.2):
    - PINCache (>= 2.1)
  - PINRemoteImage/tvOS (2.1.2):
    - PINRemoteImage/Core

DEPENDENCIES:
  - PINRemoteImage/tvOS (from `../`)

EXTERNAL SOURCES:
  PINRemoteImage:
    :path: ../

SPEC CHECKSUMS:
  PINCache: 078426d356ab95ef875e9e62e5c35a2ea3333c28
  PINRemoteImage: cee13f6a46c58d6ebfa1975da97f7674c7e6f305

COCOAPODS: 0.39.0
