// !$*UTF8*$!
{
	archiveVersion = 1;
	classes = {
	};
	objectVersion = 50;
	objects = {

/* Begin PBXBuildFile section */
		1387274F245D5BB500C1F56D /* AppDelegate.swift in Sources */ = {isa = PBXBuildFile; fileRef = 1387274E245D5BB500C1F56D /* AppDelegate.swift */; };
		13872758245D5BB800C1F56D /* Assets.xcassets in Resources */ = {isa = PBXBuildFile; fileRef = 13872757245D5BB800C1F56D /* Assets.xcassets */; };
		1387275B245D5BB800C1F56D /* LaunchScreen.storyboard in Resources */ = {isa = PBXBuildFile; fileRef = 13872759245D5BB800C1F56D /* LaunchScreen.storyboard */; };
		13872765245D5D8200C1F56D /* MainViewController.m in Sources */ = {isa = PBXBuildFile; fileRef = 13872764245D5D8200C1F56D /* MainViewController.m */; };
		6DD78925193625590E803994 /* libPods-PINOperationExample.a in Frameworks */ = {isa = PBXBuildFile; fileRef = 7BDDE545CD189CC0B424ECD0 /* libPods-PINOperationExample.a */; };
/* End PBXBuildFile section */

/* Begin PBXFileReference section */
		1387274B245D5BB500C1F56D /* PINOperationExample.app */ = {isa = PBXFileReference; explicitFileType = wrapper.application; includeInIndex = 0; path = PINOperationExample.app; sourceTree = BUILT_PRODUCTS_DIR; };
		1387274E245D5BB500C1F56D /* AppDelegate.swift */ = {isa = PBXFileReference; lastKnownFileType = sourcecode.swift; path = AppDelegate.swift; sourceTree = "<group>"; };
		13872757245D5BB800C1F56D /* Assets.xcassets */ = {isa = PBXFileReference; lastKnownFileType = folder.assetcatalog; path = Assets.xcassets; sourceTree = "<group>"; };
		1387275A245D5BB800C1F56D /* Base */ = {isa = PBXFileReference; lastKnownFileType = file.storyboard; name = Base; path = Base.lproj/LaunchScreen.storyboard; sourceTree = "<group>"; };
		1387275C245D5BB800C1F56D /* Info.plist */ = {isa = PBXFileReference; lastKnownFileType = text.plist.xml; path = Info.plist; sourceTree = "<group>"; };
		13872762245D5D8200C1F56D /* PINOperationExample-Bridging-Header.h */ = {isa = PBXFileReference; lastKnownFileType = sourcecode.c.h; path = "PINOperationExample-Bridging-Header.h"; sourceTree = "<group>"; };
		13872763245D5D8200C1F56D /* MainViewController.h */ = {isa = PBXFileReference; lastKnownFileType = sourcecode.c.h; path = MainViewController.h; sourceTree = "<group>"; };
		13872764245D5D8200C1F56D /* MainViewController.m */ = {isa = PBXFileReference; lastKnownFileType = sourcecode.c.objc; path = MainViewController.m; sourceTree = "<group>"; };
		15635AC2BB0501241D3126BA /* Pods-PINOperationExample.release.xcconfig */ = {isa = PBXFileReference; includeInIndex = 1; lastKnownFileType = text.xcconfig; name = "Pods-PINOperationExample.release.xcconfig"; path = "Target Support Files/Pods-PINOperationExample/Pods-PINOperationExample.release.xcconfig"; sourceTree = "<group>"; };
		2F8A2FBFCEF95140E01995E8 /* Pods-PINOperationExample.debug.xcconfig */ = {isa = PBXFileReference; includeInIndex = 1; lastKnownFileType = text.xcconfig; name = "Pods-PINOperationExample.debug.xcconfig"; path = "Target Support Files/Pods-PINOperationExample/Pods-PINOperationExample.debug.xcconfig"; sourceTree = "<group>"; };
		7BDDE545CD189CC0B424ECD0 /* libPods-PINOperationExample.a */ = {isa = PBXFileReference; explicitFileType = archive.ar; includeInIndex = 0; path = "libPods-PINOperationExample.a"; sourceTree = BUILT_PRODUCTS_DIR; };
/* End PBXFileReference section */

/* Begin PBXFrameworksBuildPhase section */
		13872748245D5BB500C1F56D /* Frameworks */ = {
			isa = PBXFrameworksBuildPhase;
			buildActionMask = 2147483647;
			files = (
				6DD78925193625590E803994 /* libPods-PINOperationExample.a in Frameworks */,
			);
			runOnlyForDeploymentPostprocessing = 0;
		};
/* End PBXFrameworksBuildPhase section */

/* Begin PBXGroup section */
		110EBBE34DCD59092AC3306C /* Pods */ = {
			isa = PBXGroup;
			children = (
				2F8A2FBFCEF95140E01995E8 /* Pods-PINOperationExample.debug.xcconfig */,
				15635AC2BB0501241D3126BA /* Pods-PINOperationExample.release.xcconfig */,
			);
			path = Pods;
			sourceTree = "<group>";
		};
		13872742245D5BB500C1F56D = {
			isa = PBXGroup;
			children = (
				1387274D245D5BB500C1F56D /* PINOperationExample */,
				1387274C245D5BB500C1F56D /* Products */,
				110EBBE34DCD59092AC3306C /* Pods */,
				5C200BF654CB547E7117CE2B /* Frameworks */,
			);
			sourceTree = "<group>";
		};
		1387274C245D5BB500C1F56D /* Products */ = {
			isa = PBXGroup;
			children = (
				1387274B245D5BB500C1F56D /* PINOperationExample.app */,
			);
			name = Products;
			sourceTree = "<group>";
		};
		1387274D245D5BB500C1F56D /* PINOperationExample */ = {
			isa = PBXGroup;
			children = (
				1387274E245D5BB500C1F56D /* AppDelegate.swift */,
				13872763245D5D8200C1F56D /* MainViewController.h */,
				13872764245D5D8200C1F56D /* MainViewController.m */,
				13872757245D5BB800C1F56D /* Assets.xcassets */,
				13872759245D5BB800C1F56D /* LaunchScreen.storyboard */,
				1387275C245D5BB800C1F56D /* Info.plist */,
				13872762245D5D8200C1F56D /* PINOperationExample-Bridging-Header.h */,
			);
			path = PINOperationExample;
			sourceTree = "<group>";
		};
		5C200BF654CB547E7117CE2B /* Frameworks */ = {
			isa = PBXGroup;
			children = (
				7BDDE545CD189CC0B424ECD0 /* libPods-PINOperationExample.a */,
			);
			name = Frameworks;
			sourceTree = "<group>";
		};
/* End PBXGroup section */

/* Begin PBXNativeTarget section */
		1387274A245D5BB500C1F56D /* PINOperationExample */ = {
			isa = PBXNativeTarget;
			buildConfigurationList = 1387275F245D5BB800C1F56D /* Build configuration list for PBXNativeTarget "PINOperationExample" */;
			buildPhases = (
				6C859F1C363A79193D42EFC9 /* [CP] Check Pods Manifest.lock */,
				13872747245D5BB500C1F56D /* Sources */,
				13872748245D5BB500C1F56D /* Frameworks */,
				13872749245D5BB500C1F56D /* Resources */,
			);
			buildRules = (
			);
			dependencies = (
			);
			name = PINOperationExample;
			productName = PINOperationExample;
			productReference = 1387274B245D5BB500C1F56D /* PINOperationExample.app */;
			productType = "com.apple.product-type.application";
		};
/* End PBXNativeTarget section */

/* Begin PBXProject section */
		13872743245D5BB500C1F56D /* Project object */ = {
			isa = PBXProject;
			attributes = {
				LastSwiftUpdateCheck = 1140;
				LastUpgradeCheck = 1140;
				ORGANIZATIONNAME = Pinterest;
				TargetAttributes = {
					1387274A245D5BB500C1F56D = {
						CreatedOnToolsVersion = 11.4.1;
						LastSwiftMigration = 1140;
					};
				};
			};
			buildConfigurationList = 13872746245D5BB500C1F56D /* Build configuration list for PBXProject "PINOperationExample" */;
			compatibilityVersion = "Xcode 9.3";
			developmentRegion = en;
			hasScannedForEncodings = 0;
			knownRegions = (
				en,
				Base,
			);
			mainGroup = 13872742245D5BB500C1F56D;
			productRefGroup = 1387274C245D5BB500C1F56D /* Products */;
			projectDirPath = "";
			projectRoot = "";
			targets = (
				1387274A245D5BB500C1F56D /* PINOperationExample */,
			);
		};
/* End PBXProject section */

/* Begin PBXResourcesBuildPhase section */
		13872749245D5BB500C1F56D /* Resources */ = {
			isa = PBXResourcesBuildPhase;
			buildActionMask = 2147483647;
			files = (
				1387275B245D5BB800C1F56D /* LaunchScreen.storyboard in Resources */,
				13872758245D5BB800C1F56D /* Assets.xcassets in Resources */,
			);
			runOnlyForDeploymentPostprocessing = 0;
		};
/* End PBXResourcesBuildPhase section */

/* Begin PBXShellScriptBuildPhase section */
		6C859F1C363A79193D42EFC9 /* [CP] Check Pods Manifest.lock */ = {
			isa = PBXShellScriptBuildPhase;
			buildActionMask = 2147483647;
			files = (
			);
			inputFileListPaths = (
			);
			inputPaths = (
				"${PODS_PODFILE_DIR_PATH}/Podfile.lock",
				"${PODS_ROOT}/Manifest.lock",
			);
			name = "[CP] Check Pods Manifest.lock";
			outputFileListPaths = (
			);
			outputPaths = (
				"$(DERIVED_FILE_DIR)/Pods-PINOperationExample-checkManifestLockResult.txt",
			);
			runOnlyForDeploymentPostprocessing = 0;
			shellPath = /bin/sh;
			shellScript = "diff \"${PODS_PODFILE_DIR_PATH}/Podfile.lock\" \"${PODS_ROOT}/Manifest.lock\" > /dev/null\nif [ $? != 0 ] ; then\n    # print error to STDERR\n    echo \"error: The sandbox is not in sync with the Podfile.lock. Run 'pod install' or update your CocoaPods installation.\" >&2\n    exit 1\nfi\n# This output is used by Xcode 'outputs' to avoid re-running this script phase.\necho \"SUCCESS\" > \"${SCRIPT_OUTPUT_FILE_0}\"\n";
			showEnvVarsInLog = 0;
		};
/* End PBXShellScriptBuildPhase section */

/* Begin PBXSourcesBuildPhase section */
		13872747245D5BB500C1F56D /* Sources */ = {
			isa = PBXSourcesBuildPhase;
			buildActionMask = 2147483647;
			files = (
				1387274F245D5BB500C1F56D /* AppDelegate.swift in Sources */,
				13872765245D5D8200C1F56D /* MainViewController.m in Sources */,
			);
			runOnlyForDeploymentPostprocessing = 0;
		};
/* End PBXSourcesBuildPhase section */

/* Begin PBXVariantGroup section */
		13872759245D5BB800C1F56D /* LaunchScreen.storyboard */ = {
			isa = PBXVariantGroup;
			children = (
				1387275A245D5BB800C1F56D /* Base */,
			);
			name = LaunchScreen.storyboard;
			sourceTree = "<group>";
		};
/* End PBXVariantGroup section */

/* Begin XCBuildConfiguration section */
		1387275D245D5BB800C1F56D /* Debug */ = {
			isa = XCBuildConfiguration;
			buildSettings = {
				ALWAYS_SEARCH_USER_PATHS = NO;
				CLANG_ANALYZER_NONNULL = YES;
				CLANG_ANALYZER_NUMBER_OBJECT_CONVERSION = YES_AGGRESSIVE;
				CLANG_CXX_LANGUAGE_STANDARD = "gnu++14";
				CLANG_CXX_LIBRARY = "libc++";
				CLANG_ENABLE_MODULES = YES;
				CLANG_ENABLE_OBJC_ARC = YES;
				CLANG_ENABLE_OBJC_WEAK = YES;
				CLANG_WARN_BLOCK_CAPTURE_AUTORELEASING = YES;
				CLANG_WARN_BOOL_CONVERSION = YES;
				CLANG_WARN_COMMA = YES;
				CLANG_WARN_CONSTANT_CONVERSION = YES;
				CLANG_WARN_DEPRECATED_OBJC_IMPLEMENTATIONS = YES;
				CLANG_WARN_DIRECT_OBJC_ISA_USAGE = YES_ERROR;
				CLANG_WARN_DOCUMENTATION_COMMENTS = YES;
				CLANG_WARN_EMPTY_BODY = YES;
				CLANG_WARN_ENUM_CONVERSION = YES;
				CLANG_WARN_INFINITE_RECURSION = YES;
				CLANG_WARN_INT_CONVERSION = YES;
				CLANG_WARN_NON_LITERAL_NULL_CONVERSION = YES;
				CLANG_WARN_OBJC_IMPLICIT_RETAIN_SELF = YES;
				CLANG_WARN_OBJC_LITERAL_CONVERSION = YES;
				CLANG_WARN_OBJC_ROOT_CLASS = YES_ERROR;
				CLANG_WARN_RANGE_LOOP_ANALYSIS = YES;
				CLANG_WARN_STRICT_PROTOTYPES = YES;
				CLANG_WARN_SUSPICIOUS_MOVE = YES;
				CLANG_WARN_UNGUARDED_AVAILABILITY = YES_AGGRESSIVE;
				CLANG_WARN_UNREACHABLE_CODE = YES;
				CLANG_WARN__DUPLICATE_METHOD_MATCH = YES;
				COPY_PHASE_STRIP = NO;
				DEBUG_INFORMATION_FORMAT = dwarf;
				ENABLE_STRICT_OBJC_MSGSEND = YES;
				ENABLE_TESTABILITY = YES;
				GCC_C_LANGUAGE_STANDARD = gnu11;
				GCC_DYNAMIC_NO_PIC = NO;
				GCC_NO_COMMON_BLOCKS = YES;
				GCC_OPTIMIZATION_LEVEL = 0;
				GCC_PREPROCESSOR_DEFINITIONS = (
					"DEBUG=1",
					"$(inherited)",
				);
				GCC_WARN_64_TO_32_BIT_CONVERSION = YES;
				GCC_WARN_ABOUT_RETURN_TYPE = YES_ERROR;
				GCC_WARN_UNDECLARED_SELECTOR = YES;
				GCC_WARN_UNINITIALIZED_AUTOS = YES_AGGRESSIVE;
				GCC_WARN_UNUSED_FUNCTION = YES;
				GCC_WARN_UNUSED_VARIABLE = YES;
				IPHONEOS_DEPLOYMENT_TARGET = 13.4;
				MTL_ENABLE_DEBUG_INFO = INCLUDE_SOURCE;
				MTL_FAST_MATH = YES;
				ONLY_ACTIVE_ARCH = YES;
				SDKROOT = iphoneos;
				SWIFT_ACTIVE_COMPILATION_CONDITIONS = DEBUG;
				SWIFT_OPTIMIZATION_LEVEL = "-Onone";
			};
			name = Debug;
		};
		1387275E245D5BB800C1F56D /* Release */ = {
			isa = XCBuildConfiguration;
			buildSettings = {
				ALWAYS_SEARCH_USER_PATHS = NO;
				CLANG_ANALYZER_NONNULL = YES;
				CLANG_ANALYZER_NUMBER_OBJECT_CONVERSION = YES_AGGRESSIVE;
				CLANG_CXX_LANGUAGE_STANDARD = "gnu++14";
				CLANG_CXX_LIBRARY = "libc++";
				CLANG_ENABLE_MODULES = YES;
				CLANG_ENABLE_OBJC_ARC = YES;
				CLANG_ENABLE_OBJC_WEAK = YES;
				CLANG_WARN_BLOCK_CAPTURE_AUTORELEASING = YES;
				CLANG_WARN_BOOL_CONVERSION = YES;
				CLANG_WARN_COMMA = YES;
				CLANG_WARN_CONSTANT_CONVERSION = YES;
				CLANG_WARN_DEPRECATED_OBJC_IMPLEMENTATIONS = YES;
				CLANG_WARN_DIRECT_OBJC_ISA_USAGE = YES_ERROR;
				CLANG_WARN_DOCUMENTATION_COMMENTS = YES;
				CLANG_WARN_EMPTY_BODY = YES;
				CLANG_WARN_ENUM_CONVERSION = YES;
				CLANG_WARN_INFINITE_RECURSION = YES;
				CLANG_WARN_INT_CONVERSION = YES;
				CLANG_WARN_NON_LITERAL_NULL_CONVERSION = YES;
				CLANG_WARN_OBJC_IMPLICIT_RETAIN_SELF = YES;
				CLANG_WARN_OBJC_LITERAL_CONVERSION = YES;
				CLANG_WARN_OBJC_ROOT_CLASS = YES_ERROR;
				CLANG_WARN_RANGE_LOOP_ANALYSIS = YES;
				CLANG_WARN_STRICT_PROTOTYPES = YES;
				CLANG_WARN_SUSPICIOUS_MOVE = YES;
				CLANG_WARN_UNGUARDED_AVAILABILITY = YES_AGGRESSIVE;
				CLANG_WARN_UNREACHABLE_CODE = YES;
				CLANG_WARN__DUPLICATE_METHOD_MATCH = YES;
				COPY_PHASE_STRIP = NO;
				DEBUG_INFORMATION_FORMAT = "dwarf-with-dsym";
				ENABLE_NS_ASSERTIONS = NO;
				ENABLE_STRICT_OBJC_MSGSEND = YES;
				GCC_C_LANGUAGE_STANDARD = gnu11;
				GCC_NO_COMMON_BLOCKS = YES;
				GCC_WARN_64_TO_32_BIT_CONVERSION = YES;
				GCC_WARN_ABOUT_RETURN_TYPE = YES_ERROR;
				GCC_WARN_UNDECLARED_SELECTOR = YES;
				GCC_WARN_UNINITIALIZED_AUTOS = YES_AGGRESSIVE;
				GCC_WARN_UNUSED_FUNCTION = YES;
				GCC_WARN_UNUSED_VARIABLE = YES;
				IPHONEOS_DEPLOYMENT_TARGET = 13.4;
				MTL_ENABLE_DEBUG_INFO = NO;
				MTL_FAST_MATH = YES;
				SDKROOT = iphoneos;
				SWIFT_COMPILATION_MODE = wholemodule;
				SWIFT_OPTIMIZATION_LEVEL = "-O";
				VALIDATE_PRODUCT = YES;
			};
			name = Release;
		};
		13872760245D5BB800C1F56D /* Debug */ = {
			isa = XCBuildConfiguration;
			baseConfigurationReference = 2F8A2FBFCEF95140E01995E8 /* Pods-PINOperationExample.debug.xcconfig */;
			buildSettings = {
				ASSETCATALOG_COMPILER_APPICON_NAME = AppIcon;
				CLANG_ENABLE_MODULES = YES;
				CODE_SIGN_STYLE = Automatic;
				DEVELOPMENT_TEAM = "";
				INFOPLIST_FILE = PINOperationExample/Info.plist;
				IPHONEOS_DEPLOYMENT_TARGET = 9.0;
				LD_RUNPATH_SEARCH_PATHS = (
					"$(inherited)",
					"@executable_path/Frameworks",
				);
				PRODUCT_BUNDLE_IDENTIFIER = com.pinterest.PINOperationExample;
				PRODUCT_NAME = "$(TARGET_NAME)";
				SWIFT_OBJC_BRIDGING_HEADER = "PINOperationExample/PINOperationExample-Bridging-Header.h";
				SWIFT_OPTIMIZATION_LEVEL = "-Onone";
				SWIFT_VERSION = 5.0;
				TARGETED_DEVICE_FAMILY = "1,2";
			};
			name = Debug;
		};
		13872761245D5BB800C1F56D /* Release */ = {
			isa = XCBuildConfiguration;
			baseConfigurationReference = 15635AC2BB0501241D3126BA /* Pods-PINOperationExample.release.xcconfig */;
			buildSettings = {
				ASSETCATALOG_COMPILER_APPICON_NAME = AppIcon;
				CLANG_ENABLE_MODULES = YES;
				CODE_SIGN_STYLE = Automatic;
				DEVELOPMENT_TEAM = "";
				INFOPLIST_FILE = PINOperationExample/Info.plist;
				IPHONEOS_DEPLOYMENT_TARGET = 9.0;
				LD_RUNPATH_SEARCH_PATHS = (
					"$(inherited)",
					"@executable_path/Frameworks",
				);
				PRODUCT_BUNDLE_IDENTIFIER = com.pinterest.PINOperationExample;
				PRODUCT_NAME = "$(TARGET_NAME)";
				SWIFT_OBJC_BRIDGING_HEADER = "PINOperationExample/PINOperationExample-Bridging-Header.h";
				SWIFT_VERSION = 5.0;
				TARGETED_DEVICE_FAMILY = "1,2";
			};
			name = Release;
		};
/* End XCBuildConfiguration section */

/* Begin XCConfigurationList section */
		13872746245D5BB500C1F56D /* Build configuration list for PBXProject "PINOperationExample" */ = {
			isa = XCConfigurationList;
			buildConfigurations = (
				1387275D245D5BB800C1F56D /* Debug */,
				1387275E245D5BB800C1F56D /* Release */,
			);
			defaultConfigurationIsVisible = 0;
			defaultConfigurationName = Release;
		};
		1387275F245D5BB800C1F56D /* Build configuration list for PBXNativeTarget "PINOperationExample" */ = {
			isa = XCConfigurationList;
			buildConfigurations = (
				13872760245D5BB800C1F56D /* Debug */,
				13872761245D5BB800C1F56D /* Release */,
			);
			defaultConfigurationIsVisible = 0;
			defaultConfigurationName = Release;
		};
/* End XCConfigurationList section */
	};
	rootObject = 13872743245D5BB500C1F56D /* Project object */;
}
