PODS:
  - PINCache (3.0.4):
    - PINCache/Arc-exception-safe (= 3.0.4)
    - PINCache/Core (= 3.0.4)
  - PINCache/Arc-exception-safe (3.0.4):
    - PINCache/Core
  - PINCache/Core (3.0.4):
    - PINOperation (~> 1.2.3)
  - PINOperation (1.2.3)
  - PINRemoteImage (3.0.4):
    - PINRemoteImage/PINCache (= 3.0.4)
  - PINRemoteImage/Core (3.0.4):
    - PINOperation
  - PINRemoteImage/PINCache (3.0.4):
    - PINCache (~> 3.0.4)
    - PINRemoteImage/Core

DEPENDENCIES:
  - PINRemoteImage (from `../../`)
  - PINRemoteImage/PINCache (from `../../`)

SPEC REPOS:
  trunk:
    - PINCache
    - PINOperation

EXTERNAL SOURCES:
  PINRemoteImage:
    :path: "../../"

SPEC CHECKSUMS:
  PINCache: d9a87a0ff397acffe9e2f0db972ac14680441158
  PINOperation: fb563bcc9c32c26d6c78aaff967d405aa2ee74a7
  PINRemoteImage: 6256a644f4996991f124811763c7286b2a63ff94

PODFILE CHECKSUM: b542b3c8c29f4086253ffdf2139d599970e1c2cb

COCOAPODS: 1.15.2
